
Microsoft Visual Studio Solution File, Format Version 12.00
# Visual Studio 2013
VisualStudioVersion = 12.0.40629.0
MinimumVisualStudioVersion = 10.0.40219.1
Project("{FAE04EC0-301F-11D3-BF4B-00C04F79EFBC}") = "DynamicReport", "DynamicReport\DynamicReport.csproj", "{D27862AB-EA1B-4259-A6CE-0291D85B04F7}"
EndProject
Project("{FAE04EC0-301F-11D3-BF4B-00C04F79EFBC}") = "DynamicReport.Tests", "DynamicReport.Tests\DynamicReport.Tests.csproj", "{61DCB7D1-8B0C-4A8C-8DEA-6AE76BAF4AC1}"
EndProject
Project("{FAE04EC0-301F-11D3-BF4B-00C04F79EFBC}") = "DynamicReport.Demo", "DynamicReport.Demo\DynamicReport.Demo.csproj", "{FAF4CBBF-006D-47C8-B58A-B9CEFD0FBDE9}"
EndProject
Global
	GlobalSection(SolutionConfigurationPlatforms) = preSolution
		Debug|Any CPU = Debug|Any CPU
		Release|Any CPU = Release|Any CPU
	EndGlobalSection
	GlobalSection(ProjectConfigurationPlatforms) = postSolution
		{D27862AB-EA1B-4259-A6CE-0291D85B04F7}.Debug|Any CPU.ActiveCfg = Debug|Any CPU
		{D27862AB-EA1B-4259-A6CE-0291D85B04F7}.Debug|Any CPU.Build.0 = Debug|Any CPU
		{D27862AB-EA1B-4259-A6CE-0291D85B04F7}.Release|Any CPU.ActiveCfg = Release|Any CPU
		{D27862AB-EA1B-4259-A6CE-0291D85B04F7}.Release|Any CPU.Build.0 = Release|Any CPU
		{61DCB7D1-8B0C-4A8C-8DEA-6AE76BAF4AC1}.Debug|Any CPU.ActiveCfg = Debug|Any CPU
		{61DCB7D1-8B0C-4A8C-8DEA-6AE76BAF4AC1}.Debug|Any CPU.Build.0 = Debug|Any CPU
		{61DCB7D1-8B0C-4A8C-8DEA-6AE76BAF4AC1}.Release|Any CPU.ActiveCfg = Release|Any CPU
		{61DCB7D1-8B0C-4A8C-8DEA-6AE76BAF4AC1}.Release|Any CPU.Build.0 = Release|Any CPU
		{FAF4CBBF-006D-47C8-B58A-B9CEFD0FBDE9}.Debug|Any CPU.ActiveCfg = Debug|Any CPU
		{FAF4CBBF-006D-47C8-B58A-B9CEFD0FBDE9}.Debug|Any CPU.Build.0 = Debug|Any CPU
		{FAF4CBBF-006D-47C8-B58A-B9CEFD0FBDE9}.Release|Any CPU.ActiveCfg = Release|Any CPU
		{FAF4CBBF-006D-47C8-B58A-B9CEFD0FBDE9}.Release|Any CPU.Build.0 = Release|Any CPU
	EndGlobalSection
	GlobalSection(SolutionProperties) = preSolution
		HideSolutionNode = FALSE
	EndGlobalSection
EndGlobal
